
Microsoft Visual Studio Solution File, Format Version 12.00
# Visual Studio Version 17
VisualStudioVersion = 17.14.36221.1
MinimumVisualStudioVersion = 10.0.40219.1
Project("{FAE04EC0-301F-11D3-BF4B-00C04F79EFBC}") = "MicroLearning", "MicroLearning.csproj", "{1D432592-FE9D-479A-AE10-5AC82DAA7E3B}"
EndProject
Project("{2150E333-8FDC-42A3-9474-1A3956D46DE8}") = ".github", ".github", "{6C83A596-D32D-B35F-00DD-F0C99B673980}"
EndProject
Project("{2150E333-8FDC-42A3-9474-1A3956D46DE8}") = "workflows", "workflows", "{AEC20C88-1C89-469A-81A5-15B87273DD33}"
	ProjectSection(SolutionItems) = preProject
		deploy.yml = deploy.yml
	EndProjectSection
EndProject
Global
	GlobalSection(SolutionConfigurationPlatforms) = preSolution
		Debug|Any CPU = Debug|Any CPU
		Release|Any CPU = Release|Any CPU
	EndGlobalSection
	GlobalSection(ProjectConfigurationPlatforms) = postSolution
		{1D432592-FE9D-479A-AE10-5AC82DAA7E3B}.Debug|Any CPU.ActiveCfg = Debug|Any CPU
		{1D432592-FE9D-479A-AE10-5AC82DAA7E3B}.Debug|Any CPU.Build.0 = Debug|Any CPU
		{1D432592-FE9D-479A-AE10-5AC82DAA7E3B}.Release|Any CPU.ActiveCfg = Release|Any CPU
		{1D432592-FE9D-479A-AE10-5AC82DAA7E3B}.Release|Any CPU.Build.0 = Release|Any CPU
	EndGlobalSection
	GlobalSection(SolutionProperties) = preSolution
		HideSolutionNode = FALSE
	EndGlobalSection
	GlobalSection(NestedProjects) = preSolution
		{AEC20C88-1C89-469A-81A5-15B87273DD33} = {6C83A596-D32D-B35F-00DD-F0C99B673980}
	EndGlobalSection
	GlobalSection(ExtensibilityGlobals) = postSolution
		SolutionGuid = {C99CA99E-B975-4DF6-BA9D-8E0BC6C8A9B1}
	EndGlobalSection
EndGlobal
